
Microsoft Visual Studio Solution File, Format Version 12.00
# Visual Studio 14
VisualStudioVersion = 14.0.25420.1
MinimumVisualStudioVersion = 10.0.40219.1
Project("{FAE04EC0-301F-11D3-BF4B-00C04F79EFBC}") = "shiyan1", "shiyan1\shiyan1.csproj", "{56BED8CE-714D-4DFA-839D-99E9C36FCA7C}"
EndProject
Project("{FAE04EC0-301F-11D3-BF4B-00C04F79EFBC}") = "ball", "ball\ball.csproj", "{93C31F89-38DF-4F97-9161-E6CE7886A4D4}"
EndProject
Global
	GlobalSection(SolutionConfigurationPlatforms) = preSolution
		Debug|Any CPU = Debug|Any CPU
		Release|Any CPU = Release|Any CPU
	EndGlobalSection
	GlobalSection(ProjectConfigurationPlatforms) = postSolution
		{56BED8CE-714D-4DFA-839D-99E9C36FCA7C}.Debug|Any CPU.ActiveCfg = Debug|Any CPU
		{56BED8CE-714D-4DFA-839D-99E9C36FCA7C}.Debug|Any CPU.Build.0 = Debug|Any CPU
		{56BED8CE-714D-4DFA-839D-99E9C36FCA7C}.Release|Any CPU.ActiveCfg = Release|Any CPU
		{56BED8CE-714D-4DFA-839D-99E9C36FCA7C}.Release|Any CPU.Build.0 = Release|Any CPU
		{93C31F89-38DF-4F97-9161-E6CE7886A4D4}.Debug|Any CPU.ActiveCfg = Debug|Any CPU
		{93C31F89-38DF-4F97-9161-E6CE7886A4D4}.Debug|Any CPU.Build.0 = Debug|Any CPU
		{93C31F89-38DF-4F97-9161-E6CE7886A4D4}.Release|Any CPU.ActiveCfg = Release|Any CPU
		{93C31F89-38DF-4F97-9161-E6CE7886A4D4}.Release|Any CPU.Build.0 = Release|Any CPU
	EndGlobalSection
	GlobalSection(SolutionProperties) = preSolution
		HideSolutionNode = FALSE
	EndGlobalSection
EndGlobal
